{
    "name": "bash.origin.process",
    "version": "0.1.7",
    "lockfileVersion": 1,
    "requires": true,
    "dependencies": {
        "bash.origin.workspace": {
            "version": "0.2.11",
            "resolved": "https://registry.npmjs.org/bash.origin.workspace/-/bash.origin.workspace-0.2.11.tgz",
            "integrity": "sha512-2lc7+VjInCBHljmeaE//DM+oWtETEe/jonTdJwtogRZXwZkOgoIsYXdRCyBYrh5ImKqMc8I5u/QH/6IWKZmhlw==",
            "requires": {
                "bash.origin": "0.1.74"
            },
            "dependencies": {
                "bash.origin": {
                    "version": "0.1.74",
                    "resolved": "https://registry.npmjs.org/bash.origin/-/bash.origin-0.1.74.tgz",
                    "integrity": "sha1-2JlkTrIRSfDCuOrZSV1NE/FUnC8="
                }
            }
        }
    }
}
